
Microsoft Visual Studio Solution File, Format Version 12.00
# Visual Studio Version 17
VisualStudioVersion = 17.1.32421.90
MinimumVisualStudioVersion = 10.0.40219.1
Project("{FAE04EC0-301F-11D3-BF4B-00C04F79EFBC}") = "PhotoViewer", "PhotoViewer\PhotoViewer.csproj", "{CBC50732-E4F8-4E5F-8E1B-FE93C2C80232}"
EndProject
Global
	GlobalSection(SolutionConfigurationPlatforms) = preSolution
		Debug|ARM = Debug|ARM
		Debug|ARM64 = Debug|ARM64
		Debug|x64 = Debug|x64
		Debug|x86 = Debug|x86
		Release|ARM = Release|ARM
		Release|ARM64 = Release|ARM64
		Release|x64 = Release|x64
		Release|x86 = Release|x86
	EndGlobalSection
	GlobalSection(ProjectConfigurationPlatforms) = postSolution
		{CBC50732-E4F8-4E5F-8E1B-FE93C2C80232}.Debug|ARM.ActiveCfg = Debug|ARM
		{CBC50732-E4F8-4E5F-8E1B-FE93C2C80232}.Debug|ARM.Build.0 = Debug|ARM
		{CBC50732-E4F8-4E5F-8E1B-FE93C2C80232}.Debug|ARM.Deploy.0 = Debug|ARM
		{CBC50732-E4F8-4E5F-8E1B-FE93C2C80232}.Debug|ARM64.ActiveCfg = Debug|ARM64
		{CBC50732-E4F8-4E5F-8E1B-FE93C2C80232}.Debug|ARM64.Build.0 = Debug|ARM64
		{CBC50732-E4F8-4E5F-8E1B-FE93C2C80232}.Debug|ARM64.Deploy.0 = Debug|ARM64
		{CBC50732-E4F8-4E5F-8E1B-FE93C2C80232}.Debug|x64.ActiveCfg = Debug|x64
		{CBC50732-E4F8-4E5F-8E1B-FE93C2C80232}.Debug|x64.Build.0 = Debug|x64
		{CBC50732-E4F8-4E5F-8E1B-FE93C2C80232}.Debug|x64.Deploy.0 = Debug|x64
		{CBC50732-E4F8-4E5F-8E1B-FE93C2C80232}.Debug|x86.ActiveCfg = Debug|x86
		{CBC50732-E4F8-4E5F-8E1B-FE93C2C80232}.Debug|x86.Build.0 = Debug|x86
		{CBC50732-E4F8-4E5F-8E1B-FE93C2C80232}.Debug|x86.Deploy.0 = Debug|x86
		{CBC50732-E4F8-4E5F-8E1B-FE93C2C80232}.Release|ARM.ActiveCfg = Release|ARM
		{CBC50732-E4F8-4E5F-8E1B-FE93C2C80232}.Release|ARM.Build.0 = Release|ARM
		{CBC50732-E4F8-4E5F-8E1B-FE93C2C80232}.Release|ARM.Deploy.0 = Release|ARM
		{CBC50732-E4F8-4E5F-8E1B-FE93C2C80232}.Release|ARM64.ActiveCfg = Release|ARM64
		{CBC50732-E4F8-4E5F-8E1B-FE93C2C80232}.Release|ARM64.Build.0 = Release|ARM64
		{CBC50732-E4F8-4E5F-8E1B-FE93C2C80232}.Release|ARM64.Deploy.0 = Release|ARM64
		{CBC50732-E4F8-4E5F-8E1B-FE93C2C80232}.Release|x64.ActiveCfg = Release|x64
		{CBC50732-E4F8-4E5F-8E1B-FE93C2C80232}.Release|x64.Build.0 = Release|x64
		{CBC50732-E4F8-4E5F-8E1B-FE93C2C80232}.Release|x64.Deploy.0 = Release|x64
		{CBC50732-E4F8-4E5F-8E1B-FE93C2C80232}.Release|x86.ActiveCfg = Release|x86
		{CBC50732-E4F8-4E5F-8E1B-FE93C2C80232}.Release|x86.Build.0 = Release|x86
		{CBC50732-E4F8-4E5F-8E1B-FE93C2C80232}.Release|x86.Deploy.0 = Release|x86
	EndGlobalSection
	GlobalSection(SolutionProperties) = preSolution
		HideSolutionNode = FALSE
	EndGlobalSection
	GlobalSection(ExtensibilityGlobals) = postSolution
		SolutionGuid = {40A9E1AD-F279-4A56-8593-7029F51C194F}
	EndGlobalSection
EndGlobal
